
Microsoft Visual Studio Solution File, Format Version 12.00
# Visual Studio Version 16
VisualStudioVersion = 16.0.30804.86
MinimumVisualStudioVersion = 10.0.40219.1
Project("{FAE04EC0-301F-11D3-BF4B-00C04F79EFBC}") = "DayOfTheProgrammerTimeMachine", "DayOfTheProgrammerTimeMachine\DayOfTheProgrammerTimeMachine.csproj", "{623336C7-9050-44C3-80D7-E7F3D78A0B21}"
EndProject
Global
	GlobalSection(SolutionConfigurationPlatforms) = preSolution
		Debug|Any CPU = Debug|Any CPU
		Release|Any CPU = Release|Any CPU
	EndGlobalSection
	GlobalSection(ProjectConfigurationPlatforms) = postSolution
		{623336C7-9050-44C3-80D7-E7F3D78A0B21}.Debug|Any CPU.ActiveCfg = Debug|Any CPU
		{623336C7-9050-44C3-80D7-E7F3D78A0B21}.Debug|Any CPU.Build.0 = Debug|Any CPU
		{623336C7-9050-44C3-80D7-E7F3D78A0B21}.Release|Any CPU.ActiveCfg = Release|Any CPU
		{623336C7-9050-44C3-80D7-E7F3D78A0B21}.Release|Any CPU.Build.0 = Release|Any CPU
	EndGlobalSection
	GlobalSection(SolutionProperties) = preSolution
		HideSolutionNode = FALSE
	EndGlobalSection
	GlobalSection(ExtensibilityGlobals) = postSolution
		SolutionGuid = {6F7C3B29-94AA-4EB6-BF61-8901585C5814}
	EndGlobalSection
EndGlobal
